
Microsoft Visual Studio Solution File, Format Version 12.00
# Visual Studio Version 17
VisualStudioVersion = 17.4.33213.308
MinimumVisualStudioVersion = 10.0.40219.1
Project("{2150E333-8FDC-42A3-9474-1A3956D46DE8}") = "src", "src", "{B968D130-F4D5-4C59-8A77-39805DD7CA8D}"
EndProject
Project("{2150E333-8FDC-42A3-9474-1A3956D46DE8}") = "Cart", "Cart", "{2C58E329-55FB-4D54-9203-7BA4F86D4291}"
EndProject
Project("{2150E333-8FDC-42A3-9474-1A3956D46DE8}") = "tests", "tests", "{C5E7298A-757E-432A-ADE1-B49566004633}"
EndProject
Project("{2150E333-8FDC-42A3-9474-1A3956D46DE8}") = "Cart", "Cart", "{2D37E597-F361-48A6-A34E-C2F74F0979DC}"
EndProject
Project("{9A19103F-16F7-4668-BE54-9A1E7A4F7556}") = "Cart.Api", "Cart\Cart.Api\Cart.Api.csproj", "{A06864BD-A103-46A6-9747-D2C8596AD34E}"
EndProject
Project("{9A19103F-16F7-4668-BE54-9A1E7A4F7556}") = "Cart.UnitTests", "Cart\Cart.UnitTests\Cart.UnitTests.csproj", "{9FC661CF-3A71-44FC-9510-D70488D49426}"
EndProject
Project("{9A19103F-16F7-4668-BE54-9A1E7A4F7556}") = "Cart.ComponentTests", "Cart\Cart.ComponentTests\Cart.ComponentTests.csproj", "{DD65D57C-7903-4FC8-905C-3E68CAA00B3F}"
EndProject
Project("{2150E333-8FDC-42A3-9474-1A3956D46DE8}") = "Catalog", "Catalog", "{765CE549-5F4F-48CE-9E67-659C1CB7D6D8}"
EndProject
Project("{2150E333-8FDC-42A3-9474-1A3956D46DE8}") = "Catalog", "Catalog", "{5070D987-40D3-44D7-8582-68E64F934FB6}"
EndProject
Project("{9A19103F-16F7-4668-BE54-9A1E7A4F7556}") = "Catalog.Api", "Catalog\Catalog.Api\Catalog.Api.csproj", "{5B15256F-258D-4312-8DA0-57129F3A0A9A}"
EndProject
Project("{9A19103F-16F7-4668-BE54-9A1E7A4F7556}") = "Catalog.Domain", "Catalog\Catalog.Core\Catalog.Domain.csproj", "{61C2D8BE-407F-4D10-8309-AEFC7EA6AC78}"
EndProject
Project("{9A19103F-16F7-4668-BE54-9A1E7A4F7556}") = "Catalog.Api.UnitTests", "Catalog\Catalog.Api.UnitTests\Catalog.Api.UnitTests.csproj", "{844E50ED-DED6-4041-A68A-A41EC66EF3F0}"
EndProject
Project("{9A19103F-16F7-4668-BE54-9A1E7A4F7556}") = "Catalog.Core.UnitTests", "Catalog\Catalog.Core.UnitTests\Catalog.Core.UnitTests.csproj", "{116F485C-15A1-4D61-98EC-721228E9ED58}"
EndProject
Project("{9A19103F-16F7-4668-BE54-9A1E7A4F7556}") = "Catalog.Infrastructure.UnitTests", "Catalog\Catalog.Infrastructure.UnitTests\Catalog.Infrastructure.UnitTests.csproj", "{135CE36F-2320-4336-8A5C-6B7DD0E8493A}"
EndProject
Project("{9A19103F-16F7-4668-BE54-9A1E7A4F7556}") = "Catalog.Application", "Catalog\Catalog.Application\Catalog.Application.csproj", "{756060ED-B11C-45BA-A199-B36604A14B87}"
EndProject
Project("{9A19103F-16F7-4668-BE54-9A1E7A4F7556}") = "Catalog.Infrastructure", "Catalog\Catalog.Infrastructure\Catalog.Infrastructure\Catalog.Infrastructure.csproj", "{32D71FE3-7E29-4E7B-A936-D0E49F8386B7}"
EndProject
Project("{FAE04EC0-301F-11D3-BF4B-00C04F79EFBC}") = "Catalog.IntegrationEventSenderHost", "Catalog\Catalog.IntegrationEventSenderHost\Catalog.IntegrationEventSenderHost.csproj", "{4D90B6FE-0687-473E-BA30-1215D73A998A}"
EndProject
Global
	GlobalSection(SolutionConfigurationPlatforms) = preSolution
		Debug|Any CPU = Debug|Any CPU
		Release|Any CPU = Release|Any CPU
	EndGlobalSection
	GlobalSection(ProjectConfigurationPlatforms) = postSolution
		{A06864BD-A103-46A6-9747-D2C8596AD34E}.Debug|Any CPU.ActiveCfg = Debug|Any CPU
		{A06864BD-A103-46A6-9747-D2C8596AD34E}.Debug|Any CPU.Build.0 = Debug|Any CPU
		{A06864BD-A103-46A6-9747-D2C8596AD34E}.Release|Any CPU.ActiveCfg = Release|Any CPU
		{A06864BD-A103-46A6-9747-D2C8596AD34E}.Release|Any CPU.Build.0 = Release|Any CPU
		{9FC661CF-3A71-44FC-9510-D70488D49426}.Debug|Any CPU.ActiveCfg = Debug|Any CPU
		{9FC661CF-3A71-44FC-9510-D70488D49426}.Debug|Any CPU.Build.0 = Debug|Any CPU
		{9FC661CF-3A71-44FC-9510-D70488D49426}.Release|Any CPU.ActiveCfg = Release|Any CPU
		{9FC661CF-3A71-44FC-9510-D70488D49426}.Release|Any CPU.Build.0 = Release|Any CPU
		{DD65D57C-7903-4FC8-905C-3E68CAA00B3F}.Debug|Any CPU.ActiveCfg = Debug|Any CPU
		{DD65D57C-7903-4FC8-905C-3E68CAA00B3F}.Debug|Any CPU.Build.0 = Debug|Any CPU
		{DD65D57C-7903-4FC8-905C-3E68CAA00B3F}.Release|Any CPU.ActiveCfg = Release|Any CPU
		{DD65D57C-7903-4FC8-905C-3E68CAA00B3F}.Release|Any CPU.Build.0 = Release|Any CPU
		{5B15256F-258D-4312-8DA0-57129F3A0A9A}.Debug|Any CPU.ActiveCfg = Debug|Any CPU
		{5B15256F-258D-4312-8DA0-57129F3A0A9A}.Debug|Any CPU.Build.0 = Debug|Any CPU
		{5B15256F-258D-4312-8DA0-57129F3A0A9A}.Release|Any CPU.ActiveCfg = Release|Any CPU
		{5B15256F-258D-4312-8DA0-57129F3A0A9A}.Release|Any CPU.Build.0 = Release|Any CPU
		{61C2D8BE-407F-4D10-8309-AEFC7EA6AC78}.Debug|Any CPU.ActiveCfg = Debug|Any CPU
		{61C2D8BE-407F-4D10-8309-AEFC7EA6AC78}.Debug|Any CPU.Build.0 = Debug|Any CPU
		{61C2D8BE-407F-4D10-8309-AEFC7EA6AC78}.Release|Any CPU.ActiveCfg = Release|Any CPU
		{61C2D8BE-407F-4D10-8309-AEFC7EA6AC78}.Release|Any CPU.Build.0 = Release|Any CPU
		{844E50ED-DED6-4041-A68A-A41EC66EF3F0}.Debug|Any CPU.ActiveCfg = Debug|Any CPU
		{844E50ED-DED6-4041-A68A-A41EC66EF3F0}.Debug|Any CPU.Build.0 = Debug|Any CPU
		{844E50ED-DED6-4041-A68A-A41EC66EF3F0}.Release|Any CPU.ActiveCfg = Release|Any CPU
		{844E50ED-DED6-4041-A68A-A41EC66EF3F0}.Release|Any CPU.Build.0 = Release|Any CPU
		{116F485C-15A1-4D61-98EC-721228E9ED58}.Debug|Any CPU.ActiveCfg = Debug|Any CPU
		{116F485C-15A1-4D61-98EC-721228E9ED58}.Debug|Any CPU.Build.0 = Debug|Any CPU
		{116F485C-15A1-4D61-98EC-721228E9ED58}.Release|Any CPU.ActiveCfg = Release|Any CPU
		{116F485C-15A1-4D61-98EC-721228E9ED58}.Release|Any CPU.Build.0 = Release|Any CPU
		{135CE36F-2320-4336-8A5C-6B7DD0E8493A}.Debug|Any CPU.ActiveCfg = Debug|Any CPU
		{135CE36F-2320-4336-8A5C-6B7DD0E8493A}.Debug|Any CPU.Build.0 = Debug|Any CPU
		{135CE36F-2320-4336-8A5C-6B7DD0E8493A}.Release|Any CPU.ActiveCfg = Release|Any CPU
		{135CE36F-2320-4336-8A5C-6B7DD0E8493A}.Release|Any CPU.Build.0 = Release|Any CPU
		{756060ED-B11C-45BA-A199-B36604A14B87}.Debug|Any CPU.ActiveCfg = Debug|Any CPU
		{756060ED-B11C-45BA-A199-B36604A14B87}.Debug|Any CPU.Build.0 = Debug|Any CPU
		{756060ED-B11C-45BA-A199-B36604A14B87}.Release|Any CPU.ActiveCfg = Release|Any CPU
		{756060ED-B11C-45BA-A199-B36604A14B87}.Release|Any CPU.Build.0 = Release|Any CPU
		{32D71FE3-7E29-4E7B-A936-D0E49F8386B7}.Debug|Any CPU.ActiveCfg = Debug|Any CPU
		{32D71FE3-7E29-4E7B-A936-D0E49F8386B7}.Debug|Any CPU.Build.0 = Debug|Any CPU
		{32D71FE3-7E29-4E7B-A936-D0E49F8386B7}.Release|Any CPU.ActiveCfg = Release|Any CPU
		{32D71FE3-7E29-4E7B-A936-D0E49F8386B7}.Release|Any CPU.Build.0 = Release|Any CPU
		{4D90B6FE-0687-473E-BA30-1215D73A998A}.Debug|Any CPU.ActiveCfg = Debug|Any CPU
		{4D90B6FE-0687-473E-BA30-1215D73A998A}.Debug|Any CPU.Build.0 = Debug|Any CPU
		{4D90B6FE-0687-473E-BA30-1215D73A998A}.Release|Any CPU.ActiveCfg = Release|Any CPU
		{4D90B6FE-0687-473E-BA30-1215D73A998A}.Release|Any CPU.Build.0 = Release|Any CPU
	EndGlobalSection
	GlobalSection(SolutionProperties) = preSolution
		HideSolutionNode = FALSE
	EndGlobalSection
	GlobalSection(NestedProjects) = preSolution
		{2C58E329-55FB-4D54-9203-7BA4F86D4291} = {B968D130-F4D5-4C59-8A77-39805DD7CA8D}
		{2D37E597-F361-48A6-A34E-C2F74F0979DC} = {C5E7298A-757E-432A-ADE1-B49566004633}
		{A06864BD-A103-46A6-9747-D2C8596AD34E} = {2C58E329-55FB-4D54-9203-7BA4F86D4291}
		{9FC661CF-3A71-44FC-9510-D70488D49426} = {2D37E597-F361-48A6-A34E-C2F74F0979DC}
		{DD65D57C-7903-4FC8-905C-3E68CAA00B3F} = {2D37E597-F361-48A6-A34E-C2F74F0979DC}
		{765CE549-5F4F-48CE-9E67-659C1CB7D6D8} = {B968D130-F4D5-4C59-8A77-39805DD7CA8D}
		{5070D987-40D3-44D7-8582-68E64F934FB6} = {C5E7298A-757E-432A-ADE1-B49566004633}
		{5B15256F-258D-4312-8DA0-57129F3A0A9A} = {765CE549-5F4F-48CE-9E67-659C1CB7D6D8}
		{61C2D8BE-407F-4D10-8309-AEFC7EA6AC78} = {765CE549-5F4F-48CE-9E67-659C1CB7D6D8}
		{844E50ED-DED6-4041-A68A-A41EC66EF3F0} = {5070D987-40D3-44D7-8582-68E64F934FB6}
		{116F485C-15A1-4D61-98EC-721228E9ED58} = {5070D987-40D3-44D7-8582-68E64F934FB6}
		{135CE36F-2320-4336-8A5C-6B7DD0E8493A} = {5070D987-40D3-44D7-8582-68E64F934FB6}
		{756060ED-B11C-45BA-A199-B36604A14B87} = {765CE549-5F4F-48CE-9E67-659C1CB7D6D8}
		{32D71FE3-7E29-4E7B-A936-D0E49F8386B7} = {765CE549-5F4F-48CE-9E67-659C1CB7D6D8}
		{4D90B6FE-0687-473E-BA30-1215D73A998A} = {765CE549-5F4F-48CE-9E67-659C1CB7D6D8}
	EndGlobalSection
	GlobalSection(ExtensibilityGlobals) = postSolution
		SolutionGuid = {CA42EABC-A2B8-4D2A-8CB7-5E825AAAA9FD}
	EndGlobalSection
EndGlobal
